# This file is automatically @generated by Cargo.
# It is not intended for manual editing.
version = 4

[[package]]
name = "html-ussd"
version = "0.1.0"
dependencies = [
 "parse-html",
]

[[package]]
name = "parse-html"
version = "0.4.1"
source = "registry+https://github.com/rust-lang/crates.io-index"
checksum = "4cd6138154e3bc0fde005a0e55e1620d02e293251de190876a6c0af72ade40d3"
